
Microsoft Visual Studio Solution File, Format Version 12.00
# Visual Studio Version 17
VisualStudioVersion = 17.0.32112.339
MinimumVisualStudioVersion = 10.0.40219.1
Project("{FAE04EC0-301F-11D3-BF4B-00C04F79EFBC}") = "OrangeHRM", "OrangeHRM\OrangeHRM.csproj", "{69CA2A78-7F5E-4A81-BC79-0A4D620CDC74}"
EndProject
Project("{2150E333-8FDC-42A3-9474-1A3956D46DE8}") = "Solution Items", "Solution Items", "{DA5E3B7A-56A7-41C6-84BD-CE6FE7B2D085}"
	ProjectSection(SolutionItems) = preProject
		Directory.Build.pros = Directory.Build.pros
	EndProjectSection
EndProject
Global
	GlobalSection(SolutionConfigurationPlatforms) = preSolution
		Debug|Any CPU = Debug|Any CPU
		Release|Any CPU = Release|Any CPU
	EndGlobalSection
	GlobalSection(ProjectConfigurationPlatforms) = postSolution
		{69CA2A78-7F5E-4A81-BC79-0A4D620CDC74}.Debug|Any CPU.ActiveCfg = Debug|Any CPU
		{69CA2A78-7F5E-4A81-BC79-0A4D620CDC74}.Debug|Any CPU.Build.0 = Debug|Any CPU
		{69CA2A78-7F5E-4A81-BC79-0A4D620CDC74}.Release|Any CPU.ActiveCfg = Release|Any CPU
		{69CA2A78-7F5E-4A81-BC79-0A4D620CDC74}.Release|Any CPU.Build.0 = Release|Any CPU
	EndGlobalSection
	GlobalSection(SolutionProperties) = preSolution
		HideSolutionNode = FALSE
	EndGlobalSection
	GlobalSection(ExtensibilityGlobals) = postSolution
		SolutionGuid = {7F78344D-52E6-4262-BA01-547F19B8BEF5}
	EndGlobalSection
EndGlobal
